
Microsoft Visual Studio Solution File, Format Version 12.00
# Visual Studio Version 16
VisualStudioVersion = 16.0.30104.148
MinimumVisualStudioVersion = 10.0.40219.1
Project("{00D1A9C2-B5F0-4AF3-8072-F6C62B433612}") = "USR", "USR.sqlproj", "{E8B421E2-370A-4E9E-94F9-829BFAA2243A}"
EndProject
Global
	GlobalSection(SolutionConfigurationPlatforms) = preSolution
		Debug|Any CPU = Debug|Any CPU
		Release|Any CPU = Release|Any CPU
	EndGlobalSection
	GlobalSection(ProjectConfigurationPlatforms) = postSolution
		{E8B421E2-370A-4E9E-94F9-829BFAA2243A}.Debug|Any CPU.ActiveCfg = Debug|Any CPU
		{E8B421E2-370A-4E9E-94F9-829BFAA2243A}.Debug|Any CPU.Build.0 = Debug|Any CPU
		{E8B421E2-370A-4E9E-94F9-829BFAA2243A}.Debug|Any CPU.Deploy.0 = Debug|Any CPU
		{E8B421E2-370A-4E9E-94F9-829BFAA2243A}.Release|Any CPU.ActiveCfg = Release|Any CPU
		{E8B421E2-370A-4E9E-94F9-829BFAA2243A}.Release|Any CPU.Build.0 = Release|Any CPU
		{E8B421E2-370A-4E9E-94F9-829BFAA2243A}.Release|Any CPU.Deploy.0 = Release|Any CPU
	EndGlobalSection
	GlobalSection(SolutionProperties) = preSolution
		HideSolutionNode = FALSE
	EndGlobalSection
	GlobalSection(ExtensibilityGlobals) = postSolution
		SolutionGuid = {58CA773D-57B9-4CEE-812D-15413DAE20C4}
	EndGlobalSection
EndGlobal
